NeoBundleLock AutoTag ef0a37e8da77cd6c40d97a8e7a60c33ddc39d6ba
NeoBundleLock YouCompleteMe b7e9871801392b12187191673f492965d142f8ef
NeoBundleLock ag.vim 994c27dd8f237573208548e7480e39b24ccbbfba
NeoBundleLock apiblueprint.vim ea46ce2e08b1c38d62e51e1f3d0235c387976172
NeoBundleLock clever-f.vim 1f22df33307c1f3ef074c80fd8ef1078b78f79ba
NeoBundleLock ctrlp.vim 28fce0fb860fe8df0915da1de1fb6e90d6ab2edc
NeoBundleLock github-vim cb74d2bc0f228b55b415a0fe3154547d00a052d2
NeoBundleLock neobundle.vim 6bf4fa1cf3cebfed76f5e300949faef0b78fbfbc
NeoBundleLock ruby_bashrockets.vim d602efa6ac0aa6e4e7bb2335177413982adcec30
NeoBundleLock splitjoin.vim 9d939d22afdeeec8ddb7d45aee8497da7cb49cb3
NeoBundleLock syntastic c2c6a075113adbfcc4f1ad5b1c0200a0d35ceeb6
NeoBundleLock tabular 00e1e7fcdbc6d753e0bc8043e0d2546fa81bf367
NeoBundleLock vim-blockle 214a1b59c5646523624308d380b8a3aafb2c34d9
NeoBundleLock vim-bundler b42217a20cd4cac5a00096dc4e98d2497c21b3fe
NeoBundleLock vim-clojure-static f1c53e290b16885c2eb3fc96e57d9984b627f735
NeoBundleLock vim-coffee-script 32fe889b8cafd3a4921ef8e6485156453ff58c42
NeoBundleLock vim-colorschemes 189f5182bb70fd35d0f56fee451c3f22a2a80135
NeoBundleLock vim-cucumber bcb119cf9a6e131d5c9cbb7af3296eb6f2c23151
NeoBundleLock vim-fireplace 3ff305d3eb03e28843859220ac5e4481d51794ff
NeoBundleLock vim-fugitive 3439f999b138254e4bb56187fc91f91f545b4b12
NeoBundleLock vim-git 79f5482e091710c6613ac8653dfa2e41d148a527
NeoBundleLock vim-go 1ec3373f2fafaf6f0614f999bce831e2c51106f8
NeoBundleLock vim-haml 1f2e47c78c2faf90ff419c2f4e1241094844678c
NeoBundleLock vim-hdevtools 474947c52ff9c93dd36f3c49de90bd9a78f0baa1
NeoBundleLock vim-javascript d7f4728f830173d5894009771432d329d9098f17
NeoBundleLock vim-jsx d0ad98cf0e5a01abd5008c0e97775500b88b0bc1
NeoBundleLock vim-l9 aebf8fb66e03f48d1dbfe1df6b879ac37a95c1d3
NeoBundleLock vim-multiple-cursors 25b567baf712a7e9bc8f3c9ca816bd579363109b
NeoBundleLock vim-rails 7ea50ede5420058d3d5142d1a5d635ce876486cf
NeoBundleLock vim-rake 82ad45543f0d13dfa7d3f59ca4cd54d0e145417f
NeoBundleLock vim-rdoc a433c97c3cc0bd6fdcff8ea76bd78f746c5dcdb8
NeoBundleLock vim-ruby 666adb5bcdfb2d21572a58fcdf7545a26bac32a0
NeoBundleLock vim-ruby-refactoring 6447a4debc3263a0fa99feeab5548edf27ecf045
NeoBundleLock vim-slim 0daaa8581f9a9968cebbc7d14ae9acf1625c0389
NeoBundleLock vim-sneak f22ee25e5fb9c408bb595a1e5766f510392f1b90
NeoBundleLock vim-surround 2d05440ad23f97a7874ebd9b5de3a0e65d25d85c
NeoBundleLock vim-yard 1e5ee91bb50ced1546456017cf5e92cd417a5e2d
